
Microsoft Visual Studio Solution File, Format Version 12.00
# Visual Studio Version 17
VisualStudioVersion = 17.3.32901.215
MinimumVisualStudioVersion = 10.0.40219.1
Project("{FAE04EC0-301F-11D3-BF4B-00C04F79EFBC}") = "NumbersGame 1.0", "NumbersGame 1.0.csproj", "{1E6BCDC9-EDEC-46DD-A58F-CEE09161766B}"
EndProject
Global
	GlobalSection(SolutionConfigurationPlatforms) = preSolution
		Debug|Any CPU = Debug|Any CPU
		Release|Any CPU = Release|Any CPU
	EndGlobalSection
	GlobalSection(ProjectConfigurationPlatforms) = postSolution
		{1E6BCDC9-EDEC-46DD-A58F-CEE09161766B}.Debug|Any CPU.ActiveCfg = Debug|Any CPU
		{1E6BCDC9-EDEC-46DD-A58F-CEE09161766B}.Debug|Any CPU.Build.0 = Debug|Any CPU
		{1E6BCDC9-EDEC-46DD-A58F-CEE09161766B}.Release|Any CPU.ActiveCfg = Release|Any CPU
		{1E6BCDC9-EDEC-46DD-A58F-CEE09161766B}.Release|Any CPU.Build.0 = Release|Any CPU
	EndGlobalSection
	GlobalSection(SolutionProperties) = preSolution
		HideSolutionNode = FALSE
	EndGlobalSection
	GlobalSection(ExtensibilityGlobals) = postSolution
		SolutionGuid = {4D5BADB6-9781-4D16-9E02-A68CF7787D75}
	EndGlobalSection
EndGlobal
